
Microsoft Visual Studio Solution File, Format Version 12.00
# Visual Studio 15
VisualStudioVersion = 15.0.27130.2010
MinimumVisualStudioVersion = 10.0.40219.1
Project("{FAE04EC0-301F-11D3-BF4B-00C04F79EFBC}") = "Workout Application", "Workout Application\Workout Application.csproj", "{2D95D95B-4FB0-43E1-9EFF-023A73E6C370}"
EndProject
Global
	GlobalSection(SolutionConfigurationPlatforms) = preSolution
		Debug|Any CPU = Debug|Any CPU
		Release|Any CPU = Release|Any CPU
	EndGlobalSection
	GlobalSection(ProjectConfigurationPlatforms) = postSolution
		{2D95D95B-4FB0-43E1-9EFF-023A73E6C370}.Debug|Any CPU.ActiveCfg = Debug|Any CPU
		{2D95D95B-4FB0-43E1-9EFF-023A73E6C370}.Debug|Any CPU.Build.0 = Debug|Any CPU
		{2D95D95B-4FB0-43E1-9EFF-023A73E6C370}.Release|Any CPU.ActiveCfg = Release|Any CPU
		{2D95D95B-4FB0-43E1-9EFF-023A73E6C370}.Release|Any CPU.Build.0 = Release|Any CPU
	EndGlobalSection
	GlobalSection(SolutionProperties) = preSolution
		HideSolutionNode = FALSE
	EndGlobalSection
	GlobalSection(ExtensibilityGlobals) = postSolution
		SolutionGuid = {D615BEF3-812D-4F4D-A778-B04E2CAFBF8E}
	EndGlobalSection
EndGlobal
